
Microsoft Visual Studio Solution File, Format Version 12.00
# Visual Studio 14
VisualStudioVersion = 14.0.23107.0
MinimumVisualStudioVersion = 10.0.40219.1
Project("{FAE04EC0-301F-11D3-BF4B-00C04F79EFBC}") = "ClosuresAreNotThreadSafe", "ClosuresAreNotThreadSafe\ClosuresAreNotThreadSafe.csproj", "{391AE0B9-B5CD-4513-893E-CC945E9CAEEF}"
EndProject
Global
	GlobalSection(SolutionConfigurationPlatforms) = preSolution
		Debug|Any CPU = Debug|Any CPU
		Release|Any CPU = Release|Any CPU
	EndGlobalSection
	GlobalSection(ProjectConfigurationPlatforms) = postSolution
		{391AE0B9-B5CD-4513-893E-CC945E9CAEEF}.Debug|Any CPU.ActiveCfg = Debug|Any CPU
		{391AE0B9-B5CD-4513-893E-CC945E9CAEEF}.Debug|Any CPU.Build.0 = Debug|Any CPU
		{391AE0B9-B5CD-4513-893E-CC945E9CAEEF}.Release|Any CPU.ActiveCfg = Release|Any CPU
		{391AE0B9-B5CD-4513-893E-CC945E9CAEEF}.Release|Any CPU.Build.0 = Release|Any CPU
	EndGlobalSection
	GlobalSection(SolutionProperties) = preSolution
		HideSolutionNode = FALSE
	EndGlobalSection
EndGlobal
