
Microsoft Visual Studio Solution File, Format Version 12.00
# Visual Studio 14
VisualStudioVersion = 14.0.23107.0
MinimumVisualStudioVersion = 10.0.40219.1
Project("{FAE04EC0-301F-11D3-BF4B-00C04F79EFBC}") = "EventSource", "EventSource\EventSource.csproj", "{E92C1FB5-52AD-49DD-9414-D8E44516CBEE}"
EndProject
Project("{FAE04EC0-301F-11D3-BF4B-00C04F79EFBC}") = "ConsoleClient", "ConsoleClient\ConsoleClient.csproj", "{EEE9D892-F9A8-4492-AB8D-CB6D0EC15CFF}"
EndProject
Project("{FAE04EC0-301F-11D3-BF4B-00C04F79EFBC}") = "ObservableNumberGenerator", "ObservableNumberGenerator\ObservableNumberGenerator.csproj", "{4C55B5CB-FB2A-41B6-AF7C-1F0BE05434A4}"
EndProject
Global
	GlobalSection(SolutionConfigurationPlatforms) = preSolution
		Debug|Any CPU = Debug|Any CPU
		Release|Any CPU = Release|Any CPU
	EndGlobalSection
	GlobalSection(ProjectConfigurationPlatforms) = postSolution
		{E92C1FB5-52AD-49DD-9414-D8E44516CBEE}.Debug|Any CPU.ActiveCfg = Debug|Any CPU
		{E92C1FB5-52AD-49DD-9414-D8E44516CBEE}.Debug|Any CPU.Build.0 = Debug|Any CPU
		{E92C1FB5-52AD-49DD-9414-D8E44516CBEE}.Release|Any CPU.ActiveCfg = Release|Any CPU
		{E92C1FB5-52AD-49DD-9414-D8E44516CBEE}.Release|Any CPU.Build.0 = Release|Any CPU
		{EEE9D892-F9A8-4492-AB8D-CB6D0EC15CFF}.Debug|Any CPU.ActiveCfg = Debug|Any CPU
		{EEE9D892-F9A8-4492-AB8D-CB6D0EC15CFF}.Debug|Any CPU.Build.0 = Debug|Any CPU
		{EEE9D892-F9A8-4492-AB8D-CB6D0EC15CFF}.Release|Any CPU.ActiveCfg = Release|Any CPU
		{EEE9D892-F9A8-4492-AB8D-CB6D0EC15CFF}.Release|Any CPU.Build.0 = Release|Any CPU
		{4C55B5CB-FB2A-41B6-AF7C-1F0BE05434A4}.Debug|Any CPU.ActiveCfg = Debug|Any CPU
		{4C55B5CB-FB2A-41B6-AF7C-1F0BE05434A4}.Debug|Any CPU.Build.0 = Debug|Any CPU
		{4C55B5CB-FB2A-41B6-AF7C-1F0BE05434A4}.Release|Any CPU.ActiveCfg = Release|Any CPU
		{4C55B5CB-FB2A-41B6-AF7C-1F0BE05434A4}.Release|Any CPU.Build.0 = Release|Any CPU
	EndGlobalSection
	GlobalSection(SolutionProperties) = preSolution
		HideSolutionNode = FALSE
	EndGlobalSection
EndGlobal
